// !$*UTF8*$!
{
	archiveVersion = 1;
	classes = {
	};
	objectVersion = 55;
	objects = {

/* Begin PBXBuildFile section */
		0B40DD7D6B52E2B15A110A52 /* Pods_News.framework in Frameworks */ = {isa = PBXBuildFile; fileRef = 9EC2399F06E8AB5CFF7A6FB6 /* Pods_News.framework */; };
		3F7112B027F5D64A00E0174D /* AppDelegate.swift in Sources */ = {isa = PBXBuildFile; fileRef = 3F7112AF27F5D64A00E0174D /* AppDelegate.swift */; };
		3F7112B227F5D64A00E0174D /* SceneDelegate.swift in Sources */ = {isa = PBXBuildFile; fileRef = 3F7112B127F5D64A00E0174D /* SceneDelegate.swift */; };
		3F7112B927F5D64E00E0174D /* Assets.xcassets in Resources */ = {isa = PBXBuildFile; fileRef = 3F7112B827F5D64E00E0174D /* Assets.xcassets */; };
		3F7112BC27F5D64E00E0174D /* LaunchScreen.storyboard in Resources */ = {isa = PBXBuildFile; fileRef = 3F7112BA27F5D64E00E0174D /* LaunchScreen.storyboard */; };
		3F7112C627F5FC3E00E0174D /* NewsListViewController.swift in Sources */ = {isa = PBXBuildFile; fileRef = 3F7112C527F5FC3E00E0174D /* NewsListViewController.swift */; };
		3F7112C827F5FC6900E0174D /* ArticleInfoViewController.swift in Sources */ = {isa = PBXBuildFile; fileRef = 3F7112C727F5FC6900E0174D /* ArticleInfoViewController.swift */; };
		3F7112CA27F5FC8E00E0174D /* BookmarksListViewController.swift in Sources */ = {isa = PBXBuildFile; fileRef = 3F7112C927F5FC8E00E0174D /* BookmarksListViewController.swift */; };
		3F7112CE27F5FE7000E0174D /* NewsTabBarController.swift in Sources */ = {isa = PBXBuildFile; fileRef = 3F7112CD27F5FE7000E0174D /* NewsTabBarController.swift */; };
		3F7112D227F60B0700E0174D /* NewsModel.swift in Sources */ = {isa = PBXBuildFile; fileRef = 3F7112D127F60B0700E0174D /* NewsModel.swift */; };
		3F7112D527F60BE500E0174D /* NewsError.swift in Sources */ = {isa = PBXBuildFile; fileRef = 3F7112D427F60BE500E0174D /* NewsError.swift */; };
		3F7112D827F60DE000E0174D /* NetworkManager.swift in Sources */ = {isa = PBXBuildFile; fileRef = 3F7112D727F60DE000E0174D /* NetworkManager.swift */; };
		3F7112DB27F6107400E0174D /* NewsAlertContainerView.swift in Sources */ = {isa = PBXBuildFile; fileRef = 3F7112DA27F6107400E0174D /* NewsAlertContainerView.swift */; };
		3F7112DE27F6116B00E0174D /* NewsTitleLabel.swift in Sources */ = {isa = PBXBuildFile; fileRef = 3F7112DD27F6116B00E0174D /* NewsTitleLabel.swift */; };
		3F7112E027F6129800E0174D /* NewsBodyLabel.swift in Sources */ = {isa = PBXBuildFile; fileRef = 3F7112DF27F6129800E0174D /* NewsBodyLabel.swift */; };
		3F7112E327F6138100E0174D /* NewsButton.swift in Sources */ = {isa = PBXBuildFile; fileRef = 3F7112E227F6138100E0174D /* NewsButton.swift */; };
		3F88C61227F6C5FD0073070B /* NewsAlertViewController.swift in Sources */ = {isa = PBXBuildFile; fileRef = 3F88C61127F6C5FD0073070B /* NewsAlertViewController.swift */; };
		3F88C61527F6C7DF0073070B /* UIView+Extension.swift in Sources */ = {isa = PBXBuildFile; fileRef = 3F88C61427F6C7DF0073070B /* UIView+Extension.swift */; };
		3F88C61727F73CEF0073070B /* Constants.swift in Sources */ = {isa = PBXBuildFile; fileRef = 3F88C61627F73CEF0073070B /* Constants.swift */; };
		3F88C61A27F74F890073070B /* NewsImageView.swift in Sources */ = {isa = PBXBuildFile; fileRef = 3F88C61927F74F890073070B /* NewsImageView.swift */; };
		3F88C61D27F751C50073070B /* NewsListTableViewCell.swift in Sources */ = {isa = PBXBuildFile; fileRef = 3F88C61C27F751C50073070B /* NewsListTableViewCell.swift */; };
		3F88C61F27F759570073070B /* NewsDataLoadingViewController.swift in Sources */ = {isa = PBXBuildFile; fileRef = 3F88C61E27F759570073070B /* NewsDataLoadingViewController.swift */; };
		3F88C62127FABB4D0073070B /* Date+Extension.swift in Sources */ = {isa = PBXBuildFile; fileRef = 3F88C62027FABB4D0073070B /* Date+Extension.swift */; };
		3F88C62327FABBDC0073070B /* String+Extension.swift in Sources */ = {isa = PBXBuildFile; fileRef = 3F88C62227FABBDC0073070B /* String+Extension.swift */; };
		3F88C62527FB02FF0073070B /* PersistenceManager.swift in Sources */ = {isa = PBXBuildFile; fileRef = 3F88C62427FB02FF0073070B /* PersistenceManager.swift */; };
		3F88C62727FB04E00073070B /* UIViewController+Extension.swift in Sources */ = {isa = PBXBuildFile; fileRef = 3F88C62627FB04E00073070B /* UIViewController+Extension.swift */; };
		3F88C62927FB07EA0073070B /* NewsEmptyStateView.swift in Sources */ = {isa = PBXBuildFile; fileRef = 3F88C62827FB07EA0073070B /* NewsEmptyStateView.swift */; };
		3F88C62B27FB0B790073070B /* BookmarkTableViewCell.swift in Sources */ = {isa = PBXBuildFile; fileRef = 3F88C62A27FB0B790073070B /* BookmarkTableViewCell.swift */; };
		3F88C62D27FB3FF70073070B /* UITableView+Extension.swift in Sources */ = {isa = PBXBuildFile; fileRef = 3F88C62C27FB3FF70073070B /* UITableView+Extension.swift */; };
/* End PBXBuildFile section */

/* Begin PBXFileReference section */
		3F7112AC27F5D64A00E0174D /* News.app */ = {isa = PBXFileReference; explicitFileType = wrapper.application; includeInIndex = 0; path = News.app; sourceTree = BUILT_PRODUCTS_DIR; };
		3F7112AF27F5D64A00E0174D /* AppDelegate.swift */ = {isa = PBXFileReference; lastKnownFileType = sourcecode.swift; path = AppDelegate.swift; sourceTree = "<group>"; };
		3F7112B127F5D64A00E0174D /* SceneDelegate.swift */ = {isa = PBXFileReference; lastKnownFileType = sourcecode.swift; path = SceneDelegate.swift; sourceTree = "<group>"; };
		3F7112B827F5D64E00E0174D /* Assets.xcassets */ = {isa = PBXFileReference; lastKnownFileType = folder.assetcatalog; path = Assets.xcassets; sourceTree = "<group>"; };
		3F7112BB27F5D64E00E0174D /* Base */ = {isa = PBXFileReference; lastKnownFileType = file.storyboard; name = Base; path = Base.lproj/LaunchScreen.storyboard; sourceTree = "<group>"; };
		3F7112BD27F5D64E00E0174D /* Info.plist */ = {isa = PBXFileReference; lastKnownFileType = text.plist.xml; path = Info.plist; sourceTree = "<group>"; };
		3F7112C527F5FC3E00E0174D /* NewsListViewController.swift */ = {isa = PBXFileReference; lastKnownFileType = sourcecode.swift; path = NewsListViewController.swift; sourceTree = "<group>"; };
		3F7112C727F5FC6900E0174D /* ArticleInfoViewController.swift */ = {isa = PBXFileReference; lastKnownFileType = sourcecode.swift; path = ArticleInfoViewController.swift; sourceTree = "<group>"; };
		3F7112C927F5FC8E00E0174D /* BookmarksListViewController.swift */ = {isa = PBXFileReference; lastKnownFileType = sourcecode.swift; path = BookmarksListViewController.swift; sourceTree = "<group>"; };
		3F7112CD27F5FE7000E0174D /* NewsTabBarController.swift */ = {isa = PBXFileReference; lastKnownFileType = sourcecode.swift; path = NewsTabBarController.swift; sourceTree = "<group>"; };
		3F7112D127F60B0700E0174D /* NewsModel.swift */ = {isa = PBXFileReference; lastKnownFileType = sourcecode.swift; path = NewsModel.swift; sourceTree = "<group>"; };
		3F7112D427F60BE500E0174D /* NewsError.swift */ = {isa = PBXFileReference; lastKnownFileType = sourcecode.swift; path = NewsError.swift; sourceTree = "<group>"; };
		3F7112D727F60DE000E0174D /* NetworkManager.swift */ = {isa = PBXFileReference; lastKnownFileType = sourcecode.swift; path = NetworkManager.swift; sourceTree = "<group>"; };
		3F7112DA27F6107400E0174D /* NewsAlertContainerView.swift */ = {isa = PBXFileReference; lastKnownFileType = sourcecode.swift; path = NewsAlertContainerView.swift; sourceTree = "<group>"; };
		3F7112DD27F6116B00E0174D /* NewsTitleLabel.swift */ = {isa = PBXFileReference; lastKnownFileType = sourcecode.swift; path = NewsTitleLabel.swift; sourceTree = "<group>"; };
		3F7112DF27F6129800E0174D /* NewsBodyLabel.swift */ = {isa = PBXFileReference; lastKnownFileType = sourcecode.swift; path = NewsBodyLabel.swift; sourceTree = "<group>"; };
		3F7112E227F6138100E0174D /* NewsButton.swift */ = {isa = PBXFileReference; lastKnownFileType = sourcecode.swift; path = NewsButton.swift; sourceTree = "<group>"; };
		3F88C61127F6C5FD0073070B /* NewsAlertViewController.swift */ = {isa = PBXFileReference; lastKnownFileType = sourcecode.swift; path = NewsAlertViewController.swift; sourceTree = "<group>"; };
		3F88C61427F6C7DF0073070B /* UIView+Extension.swift */ = {isa = PBXFileReference; lastKnownFileType = sourcecode.swift; path = "UIView+Extension.swift"; sourceTree = "<group>"; };
		3F88C61627F73CEF0073070B /* Constants.swift */ = {isa = PBXFileReference; lastKnownFileType = sourcecode.swift; path = Constants.swift; sourceTree = "<group>"; };
		3F88C61927F74F890073070B /* NewsImageView.swift */ = {isa = PBXFileReference; lastKnownFileType = sourcecode.swift; path = NewsImageView.swift; sourceTree = "<group>"; };
		3F88C61C27F751C50073070B /* NewsListTableViewCell.swift */ = {isa = PBXFileReference; lastKnownFileType = sourcecode.swift; path = NewsListTableViewCell.swift; sourceTree = "<group>"; };
		3F88C61E27F759570073070B /* NewsDataLoadingViewController.swift */ = {isa = PBXFileReference; lastKnownFileType = sourcecode.swift; path = NewsDataLoadingViewController.swift; sourceTree = "<group>"; };
		3F88C62027FABB4D0073070B /* Date+Extension.swift */ = {isa = PBXFileReference; lastKnownFileType = sourcecode.swift; path = "Date+Extension.swift"; sourceTree = "<group>"; };
		3F88C62227FABBDC0073070B /* String+Extension.swift */ = {isa = PBXFileReference; lastKnownFileType = sourcecode.swift; path = "String+Extension.swift"; sourceTree = "<group>"; };
		3F88C62427FB02FF0073070B /* PersistenceManager.swift */ = {isa = PBXFileReference; lastKnownFileType = sourcecode.swift; path = PersistenceManager.swift; sourceTree = "<group>"; };
		3F88C62627FB04E00073070B /* UIViewController+Extension.swift */ = {isa = PBXFileReference; lastKnownFileType = sourcecode.swift; path = "UIViewController+Extension.swift"; sourceTree = "<group>"; };
		3F88C62827FB07EA0073070B /* NewsEmptyStateView.swift */ = {isa = PBXFileReference; lastKnownFileType = sourcecode.swift; path = NewsEmptyStateView.swift; sourceTree = "<group>"; };
		3F88C62A27FB0B790073070B /* BookmarkTableViewCell.swift */ = {isa = PBXFileReference; lastKnownFileType = sourcecode.swift; path = BookmarkTableViewCell.swift; sourceTree = "<group>"; };
		3F88C62C27FB3FF70073070B /* UITableView+Extension.swift */ = {isa = PBXFileReference; lastKnownFileType = sourcecode.swift; path = "UITableView+Extension.swift"; sourceTree = "<group>"; };
		7068C4BBB9505090E0F858CD /* Pods-News.release.xcconfig */ = {isa = PBXFileReference; includeInIndex = 1; lastKnownFileType = text.xcconfig; name = "Pods-News.release.xcconfig"; path = "Target Support Files/Pods-News/Pods-News.release.xcconfig"; sourceTree = "<group>"; };
		8D84AC4C25B662862F4A3E88 /* Pods-News.debug.xcconfig */ = {isa = PBXFileReference; includeInIndex = 1; lastKnownFileType = text.xcconfig; name = "Pods-News.debug.xcconfig"; path = "Target Support Files/Pods-News/Pods-News.debug.xcconfig"; sourceTree = "<group>"; };
		9EC2399F06E8AB5CFF7A6FB6 /* Pods_News.framework */ = {isa = PBXFileReference; explicitFileType = wrapper.framework; includeInIndex = 0; path = Pods_News.framework; sourceTree = BUILT_PRODUCTS_DIR; };
/* End PBXFileReference section */

/* Begin PBXFrameworksBuildPhase section */
		3F7112A927F5D64A00E0174D /* Frameworks */ = {
			isa = PBXFrameworksBuildPhase;
			buildActionMask = 2147483647;
			files = (
				0B40DD7D6B52E2B15A110A52 /* Pods_News.framework in Frameworks */,
			);
			runOnlyForDeploymentPostprocessing = 0;
		};
/* End PBXFrameworksBuildPhase section */

/* Begin PBXGroup section */
		3F7112A327F5D64900E0174D = {
			isa = PBXGroup;
			children = (
				3F7112AE27F5D64A00E0174D /* News */,
				3F7112AD27F5D64A00E0174D /* Products */,
				967BFB02DF4252668066E369 /* Pods */,
				4F7E5020B6327299D5FDD29F /* Frameworks */,
			);
			sourceTree = "<group>";
		};
		3F7112AD27F5D64A00E0174D /* Products */ = {
			isa = PBXGroup;
			children = (
				3F7112AC27F5D64A00E0174D /* News.app */,
			);
			name = Products;
			sourceTree = "<group>";
		};
		3F7112AE27F5D64A00E0174D /* News */ = {
			isa = PBXGroup;
			children = (
				3FD153972934D0330060C00F /* Sources */,
			);
			path = News;
			sourceTree = "<group>";
		};
		3F7112C327F5DB7600E0174D /* App */ = {
			isa = PBXGroup;
			children = (
				3F7112AF27F5D64A00E0174D /* AppDelegate.swift */,
				3F7112B127F5D64A00E0174D /* SceneDelegate.swift */,
				3F7112B827F5D64E00E0174D /* Assets.xcassets */,
				3F7112BA27F5D64E00E0174D /* LaunchScreen.storyboard */,
				3F7112BD27F5D64E00E0174D /* Info.plist */,
			);
			path = App;
			sourceTree = "<group>";
		};
		3F7112C427F5FB5500E0174D /* ViewControllers */ = {
			isa = PBXGroup;
			children = (
				3F7112C727F5FC6900E0174D /* ArticleInfoViewController.swift */,
				3F7112C927F5FC8E00E0174D /* BookmarksListViewController.swift */,
				3F7112C527F5FC3E00E0174D /* NewsListViewController.swift */,
			);
			path = ViewControllers;
			sourceTree = "<group>";
		};
		3F7112CB27F5FE2A00E0174D /* CustomViews */ = {
			isa = PBXGroup;
			children = (
				3F7112E127F6134D00E0174D /* Buttons */,
				3F88C61B27F7511A0073070B /* Cells */,
				3F88C61827F74F4F0073070B /* ImageViews */,
				3F7112DC27F6114500E0174D /* Labels */,
				3F7112CC27F5FE3600E0174D /* TabBarController */,
				3F88C61027F6C5BA0073070B /* ViewControllers */,
				3F7112D927F6104200E0174D /* Views */,
			);
			path = CustomViews;
			sourceTree = "<group>";
		};
		3F7112CC27F5FE3600E0174D /* TabBarController */ = {
			isa = PBXGroup;
			children = (
				3F7112CD27F5FE7000E0174D /* NewsTabBarController.swift */,
			);
			path = TabBarController;
			sourceTree = "<group>";
		};
		3F7112D027F60ACE00E0174D /* Model */ = {
			isa = PBXGroup;
			children = (
				3F7112D127F60B0700E0174D /* NewsModel.swift */,
			);
			path = Model;
			sourceTree = "<group>";
		};
		3F7112D327F60BBA00E0174D /* Utilities */ = {
			isa = PBXGroup;
			children = (
				3F88C61627F73CEF0073070B /* Constants.swift */,
				3F7112D427F60BE500E0174D /* NewsError.swift */,
			);
			path = Utilities;
			sourceTree = "<group>";
		};
		3F7112D627F60DC100E0174D /* Managers */ = {
			isa = PBXGroup;
			children = (
				3F7112D727F60DE000E0174D /* NetworkManager.swift */,
				3F88C62427FB02FF0073070B /* PersistenceManager.swift */,
			);
			path = Managers;
			sourceTree = "<group>";
		};
		3F7112D927F6104200E0174D /* Views */ = {
			isa = PBXGroup;
			children = (
				3F7112DA27F6107400E0174D /* NewsAlertContainerView.swift */,
				3F88C62827FB07EA0073070B /* NewsEmptyStateView.swift */,
			);
			path = Views;
			sourceTree = "<group>";
		};
		3F7112DC27F6114500E0174D /* Labels */ = {
			isa = PBXGroup;
			children = (
				3F7112DF27F6129800E0174D /* NewsBodyLabel.swift */,
				3F7112DD27F6116B00E0174D /* NewsTitleLabel.swift */,
			);
			path = Labels;
			sourceTree = "<group>";
		};
		3F7112E127F6134D00E0174D /* Buttons */ = {
			isa = PBXGroup;
			children = (
				3F7112E227F6138100E0174D /* NewsButton.swift */,
			);
			path = Buttons;
			sourceTree = "<group>";
		};
		3F88C61027F6C5BA0073070B /* ViewControllers */ = {
			isa = PBXGroup;
			children = (
				3F88C61127F6C5FD0073070B /* NewsAlertViewController.swift */,
				3F88C61E27F759570073070B /* NewsDataLoadingViewController.swift */,
			);
			path = ViewControllers;
			sourceTree = "<group>";
		};
		3F88C61327F6C7B60073070B /* Extensions */ = {
			isa = PBXGroup;
			children = (
				3F88C62027FABB4D0073070B /* Date+Extension.swift */,
				3F88C62227FABBDC0073070B /* String+Extension.swift */,
				3F88C61427F6C7DF0073070B /* UIView+Extension.swift */,
				3F88C62627FB04E00073070B /* UIViewController+Extension.swift */,
				3F88C62C27FB3FF70073070B /* UITableView+Extension.swift */,
			);
			path = Extensions;
			sourceTree = "<group>";
		};
		3F88C61827F74F4F0073070B /* ImageViews */ = {
			isa = PBXGroup;
			children = (
				3F88C61927F74F890073070B /* NewsImageView.swift */,
			);
			path = ImageViews;
			sourceTree = "<group>";
		};
		3F88C61B27F7511A0073070B /* Cells */ = {
			isa = PBXGroup;
			children = (
				3F88C62A27FB0B790073070B /* BookmarkTableViewCell.swift */,
				3F88C61C27F751C50073070B /* NewsListTableViewCell.swift */,
			);
			path = Cells;
			sourceTree = "<group>";
		};
		3FD153972934D0330060C00F /* Sources */ = {
			isa = PBXGroup;
			children = (
				3F7112C327F5DB7600E0174D /* App */,
				3F7112CB27F5FE2A00E0174D /* CustomViews */,
				3F88C61327F6C7B60073070B /* Extensions */,
				3F7112D627F60DC100E0174D /* Managers */,
				3F7112D027F60ACE00E0174D /* Model */,
				3F7112D327F60BBA00E0174D /* Utilities */,
				3F7112C427F5FB5500E0174D /* ViewControllers */,
			);
			path = Sources;
			sourceTree = "<group>";
		};
		4F7E5020B6327299D5FDD29F /* Frameworks */ = {
			isa = PBXGroup;
			children = (
				9EC2399F06E8AB5CFF7A6FB6 /* Pods_News.framework */,
			);
			name = Frameworks;
			sourceTree = "<group>";
		};
		967BFB02DF4252668066E369 /* Pods */ = {
			isa = PBXGroup;
			children = (
				8D84AC4C25B662862F4A3E88 /* Pods-News.debug.xcconfig */,
				7068C4BBB9505090E0F858CD /* Pods-News.release.xcconfig */,
			);
			path = Pods;
			sourceTree = "<group>";
		};
/* End PBXGroup section */

/* Begin PBXNativeTarget section */
		3F7112AB27F5D64A00E0174D /* News */ = {
			isa = PBXNativeTarget;
			buildConfigurationList = 3F7112C027F5D64E00E0174D /* Build configuration list for PBXNativeTarget "News" */;
			buildPhases = (
				930C65D461853602DCD0103D /* [CP] Check Pods Manifest.lock */,
				3F7112CF27F603BB00E0174D /* SwiftLint Run */,
				3F7112A827F5D64A00E0174D /* Sources */,
				3F7112A927F5D64A00E0174D /* Frameworks */,
				3F7112AA27F5D64A00E0174D /* Resources */,
			);
			buildRules = (
			);
			dependencies = (
			);
			name = News;
			productName = News;
			productReference = 3F7112AC27F5D64A00E0174D /* News.app */;
			productType = "com.apple.product-type.application";
		};
/* End PBXNativeTarget section */

/* Begin PBXProject section */
		3F7112A427F5D64900E0174D /* Project object */ = {
			isa = PBXProject;
			attributes = {
				BuildIndependentTargetsInParallel = 1;
				LastSwiftUpdateCheck = 1330;
				LastUpgradeCheck = 1330;
				TargetAttributes = {
					3F7112AB27F5D64A00E0174D = {
						CreatedOnToolsVersion = 13.3;
					};
				};
			};
			buildConfigurationList = 3F7112A727F5D64900E0174D /* Build configuration list for PBXProject "News" */;
			compatibilityVersion = "Xcode 13.0";
			developmentRegion = en;
			hasScannedForEncodings = 0;
			knownRegions = (
				en,
				Base,
			);
			mainGroup = 3F7112A327F5D64900E0174D;
			productRefGroup = 3F7112AD27F5D64A00E0174D /* Products */;
			projectDirPath = "";
			projectRoot = "";
			targets = (
				3F7112AB27F5D64A00E0174D /* News */,
			);
		};
/* End PBXProject section */

/* Begin PBXResourcesBuildPhase section */
		3F7112AA27F5D64A00E0174D /* Resources */ = {
			isa = PBXResourcesBuildPhase;
			buildActionMask = 2147483647;
			files = (
				3F7112BC27F5D64E00E0174D /* LaunchScreen.storyboard in Resources */,
				3F7112B927F5D64E00E0174D /* Assets.xcassets in Resources */,
			);
			runOnlyForDeploymentPostprocessing = 0;
		};
/* End PBXResourcesBuildPhase section */

/* Begin PBXShellScriptBuildPhase section */
		3F7112CF27F603BB00E0174D /* SwiftLint Run */ = {
			isa = PBXShellScriptBuildPhase;
			alwaysOutOfDate = 1;
			buildActionMask = 2147483647;
			files = (
			);
			inputFileListPaths = (
			);
			inputPaths = (
			);
			name = "SwiftLint Run";
			outputFileListPaths = (
			);
			outputPaths = (
			);
			runOnlyForDeploymentPostprocessing = 0;
			shellPath = /bin/sh;
			shellScript = "${PODS_ROOT}/SwiftLint/swiftlint\n";
		};
		930C65D461853602DCD0103D /* [CP] Check Pods Manifest.lock */ = {
			isa = PBXShellScriptBuildPhase;
			buildActionMask = 2147483647;
			files = (
			);
			inputFileListPaths = (
			);
			inputPaths = (
				"${PODS_PODFILE_DIR_PATH}/Podfile.lock",
				"${PODS_ROOT}/Manifest.lock",
			);
			name = "[CP] Check Pods Manifest.lock";
			outputFileListPaths = (
			);
			outputPaths = (
				"$(DERIVED_FILE_DIR)/Pods-News-checkManifestLockResult.txt",
			);
			runOnlyForDeploymentPostprocessing = 0;
			shellPath = /bin/sh;
			shellScript = "diff \"${PODS_PODFILE_DIR_PATH}/Podfile.lock\" \"${PODS_ROOT}/Manifest.lock\" > /dev/null\nif [ $? != 0 ] ; then\n    # print error to STDERR\n    echo \"error: The sandbox is not in sync with the Podfile.lock. Run 'pod install' or update your CocoaPods installation.\" >&2\n    exit 1\nfi\n# This output is used by Xcode 'outputs' to avoid re-running this script phase.\necho \"SUCCESS\" > \"${SCRIPT_OUTPUT_FILE_0}\"\n";
			showEnvVarsInLog = 0;
		};
/* End PBXShellScriptBuildPhase section */

/* Begin PBXSourcesBuildPhase section */
		3F7112A827F5D64A00E0174D /* Sources */ = {
			isa = PBXSourcesBuildPhase;
			buildActionMask = 2147483647;
			files = (
				3F7112D827F60DE000E0174D /* NetworkManager.swift in Sources */,
				3F88C62327FABBDC0073070B /* String+Extension.swift in Sources */,
				3F88C61A27F74F890073070B /* NewsImageView.swift in Sources */,
				3F7112D227F60B0700E0174D /* NewsModel.swift in Sources */,
				3F7112D527F60BE500E0174D /* NewsError.swift in Sources */,
				3F88C61527F6C7DF0073070B /* UIView+Extension.swift in Sources */,
				3F88C62127FABB4D0073070B /* Date+Extension.swift in Sources */,
				3F88C62727FB04E00073070B /* UIViewController+Extension.swift in Sources */,
				3F7112E327F6138100E0174D /* NewsButton.swift in Sources */,
				3F88C61F27F759570073070B /* NewsDataLoadingViewController.swift in Sources */,
				3F88C62527FB02FF0073070B /* PersistenceManager.swift in Sources */,
				3F7112CE27F5FE7000E0174D /* NewsTabBarController.swift in Sources */,
				3F7112C627F5FC3E00E0174D /* NewsListViewController.swift in Sources */,
				3F88C61727F73CEF0073070B /* Constants.swift in Sources */,
				3F88C61227F6C5FD0073070B /* NewsAlertViewController.swift in Sources */,
				3F88C61D27F751C50073070B /* NewsListTableViewCell.swift in Sources */,
				3F7112E027F6129800E0174D /* NewsBodyLabel.swift in Sources */,
				3F7112C827F5FC6900E0174D /* ArticleInfoViewController.swift in Sources */,
				3F7112DB27F6107400E0174D /* NewsAlertContainerView.swift in Sources */,
				3F88C62927FB07EA0073070B /* NewsEmptyStateView.swift in Sources */,
				3F7112CA27F5FC8E00E0174D /* BookmarksListViewController.swift in Sources */,
				3F7112B027F5D64A00E0174D /* AppDelegate.swift in Sources */,
				3F7112B227F5D64A00E0174D /* SceneDelegate.swift in Sources */,
				3F7112DE27F6116B00E0174D /* NewsTitleLabel.swift in Sources */,
				3F88C62B27FB0B790073070B /* BookmarkTableViewCell.swift in Sources */,
				3F88C62D27FB3FF70073070B /* UITableView+Extension.swift in Sources */,
			);
			runOnlyForDeploymentPostprocessing = 0;
		};
/* End PBXSourcesBuildPhase section */

/* Begin PBXVariantGroup section */
		3F7112BA27F5D64E00E0174D /* LaunchScreen.storyboard */ = {
			isa = PBXVariantGroup;
			children = (
				3F7112BB27F5D64E00E0174D /* Base */,
			);
			name = LaunchScreen.storyboard;
			sourceTree = "<group>";
		};
/* End PBXVariantGroup section */

/* Begin XCBuildConfiguration section */
		3F7112BE27F5D64E00E0174D /* Debug */ = {
			isa = XCBuildConfiguration;
			buildSettings = {
				ALWAYS_SEARCH_USER_PATHS = NO;
				CLANG_ANALYZER_NONNULL = YES;
				CLANG_ANALYZER_NUMBER_OBJECT_CONVERSION = YES_AGGRESSIVE;
				CLANG_CXX_LANGUAGE_STANDARD = "gnu++17";
				CLANG_ENABLE_MODULES = YES;
				CLANG_ENABLE_OBJC_ARC = YES;
				CLANG_ENABLE_OBJC_WEAK = YES;
				CLANG_WARN_BLOCK_CAPTURE_AUTORELEASING = YES;
				CLANG_WARN_BOOL_CONVERSION = YES;
				CLANG_WARN_COMMA = YES;
				CLANG_WARN_CONSTANT_CONVERSION = YES;
				CLANG_WARN_DEPRECATED_OBJC_IMPLEMENTATIONS = YES;
				CLANG_WARN_DIRECT_OBJC_ISA_USAGE = YES_ERROR;
				CLANG_WARN_DOCUMENTATION_COMMENTS = YES;
				CLANG_WARN_EMPTY_BODY = YES;
				CLANG_WARN_ENUM_CONVERSION = YES;
				CLANG_WARN_INFINITE_RECURSION = YES;
				CLANG_WARN_INT_CONVERSION = YES;
				CLANG_WARN_NON_LITERAL_NULL_CONVERSION = YES;
				CLANG_WARN_OBJC_IMPLICIT_RETAIN_SELF = YES;
				CLANG_WARN_OBJC_LITERAL_CONVERSION = YES;
				CLANG_WARN_OBJC_ROOT_CLASS = YES_ERROR;
				CLANG_WARN_QUOTED_INCLUDE_IN_FRAMEWORK_HEADER = YES;
				CLANG_WARN_RANGE_LOOP_ANALYSIS = YES;
				CLANG_WARN_STRICT_PROTOTYPES = YES;
				CLANG_WARN_SUSPICIOUS_MOVE = YES;
				CLANG_WARN_UNGUARDED_AVAILABILITY = YES_AGGRESSIVE;
				CLANG_WARN_UNREACHABLE_CODE = YES;
				CLANG_WARN__DUPLICATE_METHOD_MATCH = YES;
				COPY_PHASE_STRIP = NO;
				DEBUG_INFORMATION_FORMAT = dwarf;
				ENABLE_STRICT_OBJC_MSGSEND = YES;
				ENABLE_TESTABILITY = YES;
				GCC_C_LANGUAGE_STANDARD = gnu11;
				GCC_DYNAMIC_NO_PIC = NO;
				GCC_NO_COMMON_BLOCKS = YES;
				GCC_OPTIMIZATION_LEVEL = 0;
				GCC_PREPROCESSOR_DEFINITIONS = (
					"DEBUG=1",
					"$(inherited)",
				);
				GCC_WARN_64_TO_32_BIT_CONVERSION = YES;
				GCC_WARN_ABOUT_RETURN_TYPE = YES_ERROR;
				GCC_WARN_UNDECLARED_SELECTOR = YES;
				GCC_WARN_UNINITIALIZED_AUTOS = YES_AGGRESSIVE;
				GCC_WARN_UNUSED_FUNCTION = YES;
				GCC_WARN_UNUSED_VARIABLE = YES;
				IPHONEOS_DEPLOYMENT_TARGET = 15.4;
				MTL_ENABLE_DEBUG_INFO = INCLUDE_SOURCE;
				MTL_FAST_MATH = YES;
				ONLY_ACTIVE_ARCH = YES;
				SDKROOT = iphoneos;
				SWIFT_ACTIVE_COMPILATION_CONDITIONS = DEBUG;
				SWIFT_OPTIMIZATION_LEVEL = "-Onone";
			};
			name = Debug;
		};
		3F7112BF27F5D64E00E0174D /* Release */ = {
			isa = XCBuildConfiguration;
			buildSettings = {
				ALWAYS_SEARCH_USER_PATHS = NO;
				CLANG_ANALYZER_NONNULL = YES;
				CLANG_ANALYZER_NUMBER_OBJECT_CONVERSION = YES_AGGRESSIVE;
				CLANG_CXX_LANGUAGE_STANDARD = "gnu++17";
				CLANG_ENABLE_MODULES = YES;
				CLANG_ENABLE_OBJC_ARC = YES;
				CLANG_ENABLE_OBJC_WEAK = YES;
				CLANG_WARN_BLOCK_CAPTURE_AUTORELEASING = YES;
				CLANG_WARN_BOOL_CONVERSION = YES;
				CLANG_WARN_COMMA = YES;
				CLANG_WARN_CONSTANT_CONVERSION = YES;
				CLANG_WARN_DEPRECATED_OBJC_IMPLEMENTATIONS = YES;
				CLANG_WARN_DIRECT_OBJC_ISA_USAGE = YES_ERROR;
				CLANG_WARN_DOCUMENTATION_COMMENTS = YES;
				CLANG_WARN_EMPTY_BODY = YES;
				CLANG_WARN_ENUM_CONVERSION = YES;
				CLANG_WARN_INFINITE_RECURSION = YES;
				CLANG_WARN_INT_CONVERSION = YES;
				CLANG_WARN_NON_LITERAL_NULL_CONVERSION = YES;
				CLANG_WARN_OBJC_IMPLICIT_RETAIN_SELF = YES;
				CLANG_WARN_OBJC_LITERAL_CONVERSION = YES;
				CLANG_WARN_OBJC_ROOT_CLASS = YES_ERROR;
				CLANG_WARN_QUOTED_INCLUDE_IN_FRAMEWORK_HEADER = YES;
				CLANG_WARN_RANGE_LOOP_ANALYSIS = YES;
				CLANG_WARN_STRICT_PROTOTYPES = YES;
				CLANG_WARN_SUSPICIOUS_MOVE = YES;
				CLANG_WARN_UNGUARDED_AVAILABILITY = YES_AGGRESSIVE;
				CLANG_WARN_UNREACHABLE_CODE = YES;
				CLANG_WARN__DUPLICATE_METHOD_MATCH = YES;
				COPY_PHASE_STRIP = NO;
				DEBUG_INFORMATION_FORMAT = "dwarf-with-dsym";
				ENABLE_NS_ASSERTIONS = NO;
				ENABLE_STRICT_OBJC_MSGSEND = YES;
				GCC_C_LANGUAGE_STANDARD = gnu11;
				GCC_NO_COMMON_BLOCKS = YES;
				GCC_WARN_64_TO_32_BIT_CONVERSION = YES;
				GCC_WARN_ABOUT_RETURN_TYPE = YES_ERROR;
				GCC_WARN_UNDECLARED_SELECTOR = YES;
				GCC_WARN_UNINITIALIZED_AUTOS = YES_AGGRESSIVE;
				GCC_WARN_UNUSED_FUNCTION = YES;
				GCC_WARN_UNUSED_VARIABLE = YES;
				IPHONEOS_DEPLOYMENT_TARGET = 15.4;
				MTL_ENABLE_DEBUG_INFO = NO;
				MTL_FAST_MATH = YES;
				SDKROOT = iphoneos;
				SWIFT_COMPILATION_MODE = wholemodule;
				SWIFT_OPTIMIZATION_LEVEL = "-O";
				VALIDATE_PRODUCT = YES;
			};
			name = Release;
		};
		3F7112C127F5D64E00E0174D /* Debug */ = {
			isa = XCBuildConfiguration;
			baseConfigurationReference = 8D84AC4C25B662862F4A3E88 /* Pods-News.debug.xcconfig */;
			buildSettings = {
				ASSETCATALOG_COMPILER_APPICON_NAME = AppIcon;
				ASSETCATALOG_COMPILER_GLOBAL_ACCENT_COLOR_NAME = AccentColor;
				CODE_SIGN_STYLE = Automatic;
				CURRENT_PROJECT_VERSION = 1;
				DEVELOPMENT_TEAM = F3GPX8Z3U8;
				GENERATE_INFOPLIST_FILE = YES;
				INFOPLIST_FILE = News/Sources/App/Info.plist;
				INFOPLIST_KEY_UIApplicationSupportsIndirectInputEvents = YES;
				INFOPLIST_KEY_UILaunchStoryboardName = LaunchScreen;
				INFOPLIST_KEY_UISupportedInterfaceOrientations_iPad = "UIInterfaceOrientationPortrait UIInterfaceOrientationPortraitUpsideDown UIInterfaceOrientationLandscapeLeft UIInterfaceOrientationLandscapeRight";
				INFOPLIST_KEY_UISupportedInterfaceOrientations_iPhone = "UIInterfaceOrientationPortrait UIInterfaceOrientationLandscapeLeft UIInterfaceOrientationLandscapeRight";
				LD_RUNPATH_SEARCH_PATHS = (
					"$(inherited)",
					"@executable_path/Frameworks",
				);
				MARKETING_VERSION = 1.0;
				PRODUCT_BUNDLE_IDENTIFIER = my.News;
				PRODUCT_NAME = "$(TARGET_NAME)";
				SWIFT_EMIT_LOC_STRINGS = YES;
				SWIFT_VERSION = 5.0;
				TARGETED_DEVICE_FAMILY = 1;
			};
			name = Debug;
		};
		3F7112C227F5D64E00E0174D /* Release */ = {
			isa = XCBuildConfiguration;
			baseConfigurationReference = 7068C4BBB9505090E0F858CD /* Pods-News.release.xcconfig */;
			buildSettings = {
				ASSETCATALOG_COMPILER_APPICON_NAME = AppIcon;
				ASSETCATALOG_COMPILER_GLOBAL_ACCENT_COLOR_NAME = AccentColor;
				CODE_SIGN_STYLE = Automatic;
				CURRENT_PROJECT_VERSION = 1;
				DEVELOPMENT_TEAM = F3GPX8Z3U8;
				GENERATE_INFOPLIST_FILE = YES;
				INFOPLIST_FILE = News/Sources/App/Info.plist;
				INFOPLIST_KEY_UIApplicationSupportsIndirectInputEvents = YES;
				INFOPLIST_KEY_UILaunchStoryboardName = LaunchScreen;
				INFOPLIST_KEY_UISupportedInterfaceOrientations_iPad = "UIInterfaceOrientationPortrait UIInterfaceOrientationPortraitUpsideDown UIInterfaceOrientationLandscapeLeft UIInterfaceOrientationLandscapeRight";
				INFOPLIST_KEY_UISupportedInterfaceOrientations_iPhone = "UIInterfaceOrientationPortrait UIInterfaceOrientationLandscapeLeft UIInterfaceOrientationLandscapeRight";
				LD_RUNPATH_SEARCH_PATHS = (
					"$(inherited)",
					"@executable_path/Frameworks",
				);
				MARKETING_VERSION = 1.0;
				PRODUCT_BUNDLE_IDENTIFIER = my.News;
				PRODUCT_NAME = "$(TARGET_NAME)";
				SWIFT_EMIT_LOC_STRINGS = YES;
				SWIFT_VERSION = 5.0;
				TARGETED_DEVICE_FAMILY = 1;
			};
			name = Release;
		};
/* End XCBuildConfiguration section */

/* Begin XCConfigurationList section */
		3F7112A727F5D64900E0174D /* Build configuration list for PBXProject "News" */ = {
			isa = XCConfigurationList;
			buildConfigurations = (
				3F7112BE27F5D64E00E0174D /* Debug */,
				3F7112BF27F5D64E00E0174D /* Release */,
			);
			defaultConfigurationIsVisible = 0;
			defaultConfigurationName = Release;
		};
		3F7112C027F5D64E00E0174D /* Build configuration list for PBXNativeTarget "News" */ = {
			isa = XCConfigurationList;
			buildConfigurations = (
				3F7112C127F5D64E00E0174D /* Debug */,
				3F7112C227F5D64E00E0174D /* Release */,
			);
			defaultConfigurationIsVisible = 0;
			defaultConfigurationName = Release;
		};
/* End XCConfigurationList section */
	};
	rootObject = 3F7112A427F5D64900E0174D /* Project object */;
}
